// !$*UTF8*$!
{
	archiveVersion = 1;
	classes = {
	};
	objectVersion = 46;
	objects = {

/* Begin PBXBuildFile section */
		9110959D1A832AC5002D1207 /* FeedViewController.swift in Sources */ = {isa = PBXBuildFile; fileRef = 9110959C1A832AC5002D1207 /* FeedViewController.swift */; };
		91F2C6AA1A8324820077FD8B /* AppDelegate.swift in Sources */ = {isa = PBXBuildFile; fileRef = 91F2C6A91A8324820077FD8B /* AppDelegate.swift */; };
		91F2C6AF1A8324820077FD8B /* Main.storyboard in Resources */ = {isa = PBXBuildFile; fileRef = 91F2C6AD1A8324820077FD8B /* Main.storyboard */; };
		91F2C6B11A8324820077FD8B /* Images.xcassets in Resources */ = {isa = PBXBuildFile; fileRef = 91F2C6B01A8324820077FD8B /* Images.xcassets */; };
		91F2C6C01A8324820077FD8B /* FacebookTests.swift in Sources */ = {isa = PBXBuildFile; fileRef = 91F2C6BF1A8324820077FD8B /* FacebookTests.swift */; };
		F7BAF41F1AA025BD0007D8FE /* photoViewController.swift in Sources */ = {isa = PBXBuildFile; fileRef = F7BAF41E1AA025BD0007D8FE /* photoViewController.swift */; };
/* End PBXBuildFile section */

/* Begin PBXContainerItemProxy section */
		91F2C6BA1A8324820077FD8B /* PBXContainerItemProxy */ = {
			isa = PBXContainerItemProxy;
			containerPortal = 91F2C69C1A8324820077FD8B /* Project object */;
			proxyType = 1;
			remoteGlobalIDString = 91F2C6A31A8324820077FD8B;
			remoteInfo = Facebook;
		};
/* End PBXContainerItemProxy section */

/* Begin PBXFileReference section */
		9110959C1A832AC5002D1207 /* FeedViewController.swift */ = {isa = PBXFileReference; fileEncoding = 4; lastKnownFileType = sourcecode.swift; path = FeedViewController.swift; sourceTree = "<group>"; };
		91F2C6A41A8324820077FD8B /* Facebook.app */ = {isa = PBXFileReference; explicitFileType = wrapper.application; includeInIndex = 0; path = Facebook.app; sourceTree = BUILT_PRODUCTS_DIR; };
		91F2C6A81A8324820077FD8B /* Info.plist */ = {isa = PBXFileReference; lastKnownFileType = text.plist.xml; path = Info.plist; sourceTree = "<group>"; };
		91F2C6A91A8324820077FD8B /* AppDelegate.swift */ = {isa = PBXFileReference; lastKnownFileType = sourcecode.swift; path = AppDelegate.swift; sourceTree = "<group>"; };
		91F2C6AE1A8324820077FD8B /* Base */ = {isa = PBXFileReference; lastKnownFileType = file.storyboard; name = Base; path = Base.lproj/Main.storyboard; sourceTree = "<group>"; };
		91F2C6B01A8324820077FD8B /* Images.xcassets */ = {isa = PBXFileReference; lastKnownFileType = folder.assetcatalog; path = Images.xcassets; sourceTree = "<group>"; };
		91F2C6B91A8324820077FD8B /* FacebookTests.xctest */ = {isa = PBXFileReference; explicitFileType = wrapper.cfbundle; includeInIndex = 0; path = FacebookTests.xctest; sourceTree = BUILT_PRODUCTS_DIR; };
		91F2C6BE1A8324820077FD8B /* Info.plist */ = {isa = PBXFileReference; lastKnownFileType = text.plist.xml; path = Info.plist; sourceTree = "<group>"; };
		91F2C6BF1A8324820077FD8B /* FacebookTests.swift */ = {isa = PBXFileReference; lastKnownFileType = sourcecode.swift; path = FacebookTests.swift; sourceTree = "<group>"; };
		F7BAF41E1AA025BD0007D8FE /* photoViewController.swift */ = {isa = PBXFileReference; fileEncoding = 4; lastKnownFileType = sourcecode.swift; path = photoViewController.swift; sourceTree = "<group>"; };
/* End PBXFileReference section */

/* Begin PBXFrameworksBuildPhase section */
		91F2C6A11A8324820077FD8B /* Frameworks */ = {
			isa = PBXFrameworksBuildPhase;
			buildActionMask = 2147483647;
			files = (
			);
			runOnlyForDeploymentPostprocessing = 0;
		};
		91F2C6B61A8324820077FD8B /* Frameworks */ = {
			isa = PBXFrameworksBuildPhase;
			buildActionMask = 2147483647;
			files = (
			);
			runOnlyForDeploymentPostprocessing = 0;
		};
/* End PBXFrameworksBuildPhase section */

/* Begin PBXGroup section */
		91F2C69B1A8324820077FD8B = {
			isa = PBXGroup;
			children = (
				91F2C6A61A8324820077FD8B /* Facebook */,
				91F2C6BC1A8324820077FD8B /* FacebookTests */,
				91F2C6A51A8324820077FD8B /* Products */,
			);
			sourceTree = "<group>";
		};
		91F2C6A51A8324820077FD8B /* Products */ = {
			isa = PBXGroup;
			children = (
				91F2C6A41A8324820077FD8B /* Facebook.app */,
				91F2C6B91A8324820077FD8B /* FacebookTests.xctest */,
			);
			name = Products;
			sourceTree = "<group>";
		};
		91F2C6A61A8324820077FD8B /* Facebook */ = {
			isa = PBXGroup;
			children = (
				91F2C6A91A8324820077FD8B /* AppDelegate.swift */,
				91F2C6AD1A8324820077FD8B /* Main.storyboard */,
				9110959C1A832AC5002D1207 /* FeedViewController.swift */,
				F7BAF41E1AA025BD0007D8FE /* photoViewController.swift */,
				91F2C6B01A8324820077FD8B /* Images.xcassets */,
				91F2C6A71A8324820077FD8B /* Supporting Files */,
			);
			path = Facebook;
			sourceTree = "<group>";
		};
		91F2C6A71A8324820077FD8B /* Supporting Files */ = {
			isa = PBXGroup;
			children = (
				91F2C6A81A8324820077FD8B /* Info.plist */,
			);
			name = "Supporting Files";
			sourceTree = "<group>";
		};
		91F2C6BC1A8324820077FD8B /* FacebookTests */ = {
			isa = PBXGroup;
			children = (
				91F2C6BF1A8324820077FD8B /* FacebookTests.swift */,
				91F2C6BD1A8324820077FD8B /* Supporting Files */,
			);
			path = FacebookTests;
			sourceTree = "<group>";
		};
		91F2C6BD1A8324820077FD8B /* Supporting Files */ = {
			isa = PBXGroup;
			children = (
				91F2C6BE1A8324820077FD8B /* Info.plist */,
			);
			name = "Supporting Files";
			sourceTree = "<group>";
		};
/* End PBXGroup section */

/* Begin PBXNativeTarget section */
		91F2C6A31A8324820077FD8B /* Facebook */ = {
			isa = PBXNativeTarget;
			buildConfigurationList = 91F2C6C31A8324820077FD8B /* Build configuration list for PBXNativeTarget "Facebook" */;
			buildPhases = (
				91F2C6A01A8324820077FD8B /* Sources */,
				91F2C6A11A8324820077FD8B /* Frameworks */,
				91F2C6A21A8324820077FD8B /* Resources */,
			);
			buildRules = (
			);
			dependencies = (
			);
			name = Facebook;
			productName = Facebook;
			productReference = 91F2C6A41A8324820077FD8B /* Facebook.app */;
			productType = "com.apple.product-type.application";
		};
		91F2C6B81A8324820077FD8B /* FacebookTests */ = {
			isa = PBXNativeTarget;
			buildConfigurationList = 91F2C6C61A8324820077FD8B /* Build configuration list for PBXNativeTarget "FacebookTests" */;
			buildPhases = (
				91F2C6B51A8324820077FD8B /* Sources */,
				91F2C6B61A8324820077FD8B /* Frameworks */,
				91F2C6B71A8324820077FD8B /* Resources */,
			);
			buildRules = (
			);
			dependencies = (
				91F2C6BB1A8324820077FD8B /* PBXTargetDependency */,
			);
			name = FacebookTests;
			productName = FacebookTests;
			productReference = 91F2C6B91A8324820077FD8B /* FacebookTests.xctest */;
			productType = "com.apple.product-type.bundle.unit-test";
		};
/* End PBXNativeTarget section */

/* Begin PBXProject section */
		91F2C69C1A8324820077FD8B /* Project object */ = {
			isa = PBXProject;
			attributes = {
				LastUpgradeCheck = 0610;
				ORGANIZATIONNAME = Nico;
				TargetAttributes = {
					91F2C6A31A8324820077FD8B = {
						CreatedOnToolsVersion = 6.1.1;
					};
					91F2C6B81A8324820077FD8B = {
						CreatedOnToolsVersion = 6.1.1;
						TestTargetID = 91F2C6A31A8324820077FD8B;
					};
				};
			};
			buildConfigurationList = 91F2C69F1A8324820077FD8B /* Build configuration list for PBXProject "Facebook" */;
			compatibilityVersion = "Xcode 3.2";
			developmentRegion = English;
			hasScannedForEncodings = 0;
			knownRegions = (
				en,
				Base,
			);
			mainGroup = 91F2C69B1A8324820077FD8B;
			productRefGroup = 91F2C6A51A8324820077FD8B /* Products */;
			projectDirPath = "";
			projectRoot = "";
			targets = (
				91F2C6A31A8324820077FD8B /* Facebook */,
				91F2C6B81A8324820077FD8B /* FacebookTests */,
			);
		};
/* End PBXProject section */

/* Begin PBXResourcesBuildPhase section */
		91F2C6A21A8324820077FD8B /* Resources */ = {
			isa = PBXResourcesBuildPhase;
			buildActionMask = 2147483647;
			files = (
				91F2C6AF1A8324820077FD8B /* Main.storyboard in Resources */,
				91F2C6B11A8324820077FD8B /* Images.xcassets in Resources */,
			);
			runOnlyForDeploymentPostprocessing = 0;
		};
		91F2C6B71A8324820077FD8B /* Resources */ = {
			isa = PBXResourcesBuildPhase;
			buildActionMask = 2147483647;
			files = (
			);
			runOnlyForDeploymentPostprocessing = 0;
		};
/* End PBXResourcesBuildPhase section */

/* Begin PBXSourcesBuildPhase section */
		91F2C6A01A8324820077FD8B /* Sources */ = {
			isa = PBXSourcesBuildPhase;
			buildActionMask = 2147483647;
			files = (
				9110959D1A832AC5002D1207 /* FeedViewController.swift in Sources */,
				F7BAF41F1AA025BD0007D8FE /* photoViewController.swift in Sources */,
				91F2C6AA1A8324820077FD8B /* AppDelegate.swift in Sources */,
			);
			runOnlyForDeploymentPostprocessing = 0;
		};
		91F2C6B51A8324820077FD8B /* Sources */ = {
			isa = PBXSourcesBuildPhase;
			buildActionMask = 2147483647;
			files = (
				91F2C6C01A8324820077FD8B /* FacebookTests.swift in Sources */,
			);
			runOnlyForDeploymentPostprocessing = 0;
		};
/* End PBXSourcesBuildPhase section */

/* Begin PBXTargetDependency section */
		91F2C6BB1A8324820077FD8B /* PBXTargetDependency */ = {
			isa = PBXTargetDependency;
			target = 91F2C6A31A8324820077FD8B /* Facebook */;
			targetProxy = 91F2C6BA1A8324820077FD8B /* PBXContainerItemProxy */;
		};
/* End PBXTargetDependency section */

/* Begin PBXVariantGroup section */
		91F2C6AD1A8324820077FD8B /* Main.storyboard */ = {
			isa = PBXVariantGroup;
			children = (
				91F2C6AE1A8324820077FD8B /* Base */,
			);
			name = Main.storyboard;
			sourceTree = "<group>";
		};
/* End PBXVariantGroup section */

/* Begin XCBuildConfiguration section */
		91F2C6C11A8324820077FD8B /* Debug */ = {
			isa = XCBuildConfiguration;
			buildSettings = {
				ALWAYS_SEARCH_USER_PATHS = NO;
				CLANG_CXX_LANGUAGE_STANDARD = "gnu++0x";
				CLANG_CXX_LIBRARY = "libc++";
				CLANG_ENABLE_MODULES = YES;
				CLANG_ENABLE_OBJC_ARC = YES;
				CLANG_WARN_BOOL_CONVERSION = YES;
				CLANG_WARN_CONSTANT_CONVERSION = YES;
				CLANG_WARN_DIRECT_OBJC_ISA_USAGE = YES_ERROR;
				CLANG_WARN_EMPTY_BODY = YES;
				CLANG_WARN_ENUM_CONVERSION = YES;
				CLANG_WARN_INT_CONVERSION = YES;
				CLANG_WARN_OBJC_ROOT_CLASS = YES_ERROR;
				CLANG_WARN_UNREACHABLE_CODE = YES;
				CLANG_WARN__DUPLICATE_METHOD_MATCH = YES;
				"CODE_SIGN_IDENTITY[sdk=iphoneos*]" = "iPhone Developer";
				COPY_PHASE_STRIP = NO;
				ENABLE_STRICT_OBJC_MSGSEND = YES;
				GCC_C_LANGUAGE_STANDARD = gnu99;
				GCC_DYNAMIC_NO_PIC = NO;
				GCC_OPTIMIZATION_LEVEL = 0;
				GCC_PREPROCESSOR_DEFINITIONS = (
					"DEBUG=1",
					"$(inherited)",
				);
				GCC_SYMBOLS_PRIVATE_EXTERN = NO;
				GCC_WARN_64_TO_32_BIT_CONVERSION = YES;
				GCC_WARN_ABOUT_RETURN_TYPE = YES_ERROR;
				GCC_WARN_UNDECLARED_SELECTOR = YES;
				GCC_WARN_UNINITIALIZED_AUTOS = YES_AGGRESSIVE;
				GCC_WARN_UNUSED_FUNCTION = YES;
				GCC_WARN_UNUSED_VARIABLE = YES;
				IPHONEOS_DEPLOYMENT_TARGET = 8.1;
				MTL_ENABLE_DEBUG_INFO = YES;
				ONLY_ACTIVE_ARCH = YES;
				SDKROOT = iphoneos;
				SWIFT_OPTIMIZATION_LEVEL = "-Onone";
			};
			name = Debug;
		};
		91F2C6C21A8324820077FD8B /* Release */ = {
			isa = XCBuildConfiguration;
			buildSettings = {
				ALWAYS_SEARCH_USER_PATHS = NO;
				CLANG_CXX_LANGUAGE_STANDARD = "gnu++0x";
				CLANG_CXX_LIBRARY = "libc++";
				CLANG_ENABLE_MODULES = YES;
				CLANG_ENABLE_OBJC_ARC = YES;
				CLANG_WARN_BOOL_CONVERSION = YES;
				CLANG_WARN_CONSTANT_CONVERSION = YES;
				CLANG_WARN_DIRECT_OBJC_ISA_USAGE = YES_ERROR;
				CLANG_WARN_EMPTY_BODY = YES;
				CLANG_WARN_ENUM_CONVERSION = YES;
				CLANG_WARN_INT_CONVERSION = YES;
				CLANG_WARN_OBJC_ROOT_CLASS = YES_ERROR;
				CLANG_WARN_UNREACHABLE_CODE = YES;
				CLANG_WARN__DUPLICATE_METHOD_MATCH = YES;
				"CODE_SIGN_IDENTITY[sdk=iphoneos*]" = "iPhone Developer";
				COPY_PHASE_STRIP = YES;
				ENABLE_NS_ASSERTIONS = NO;
				ENABLE_STRICT_OBJC_MSGSEND = YES;
				GCC_C_LANGUAGE_STANDARD = gnu99;
				GCC_WARN_64_TO_32_BIT_CONVERSION = YES;
				GCC_WARN_ABOUT_RETURN_TYPE = YES_ERROR;
				GCC_WARN_UNDECLARED_SELECTOR = YES;
				GCC_WARN_UNINITIALIZED_AUTOS = YES_AGGRESSIVE;
				GCC_WARN_UNUSED_FUNCTION = YES;
				GCC_WARN_UNUSED_VARIABLE = YES;
				IPHONEOS_DEPLOYMENT_TARGET = 8.1;
				MTL_ENABLE_DEBUG_INFO = NO;
				SDKROOT = iphoneos;
				VALIDATE_PRODUCT = YES;
			};
			name = Release;
		};
		91F2C6C41A8324820077FD8B /* Debug */ = {
			isa = XCBuildConfiguration;
			buildSettings = {
				ASSETCATALOG_COMPILER_APPICON_NAME = AppIcon;
				ASSETCATALOG_COMPILER_LAUNCHIMAGE_NAME = "LaunchImage-2";
				INFOPLIST_FILE = Facebook/Info.plist;
				LD_RUNPATH_SEARCH_PATHS = "$(inherited) @executable_path/Frameworks";
				PRODUCT_NAME = "$(TARGET_NAME)";
			};
			name = Debug;
		};
		91F2C6C51A8324820077FD8B /* Release */ = {
			isa = XCBuildConfiguration;
			buildSettings = {
				ASSETCATALOG_COMPILER_APPICON_NAME = AppIcon;
				ASSETCATALOG_COMPILER_LAUNCHIMAGE_NAME = "LaunchImage-2";
				INFOPLIST_FILE = Facebook/Info.plist;
				LD_RUNPATH_SEARCH_PATHS = "$(inherited) @executable_path/Frameworks";
				PRODUCT_NAME = "$(TARGET_NAME)";
			};
			name = Release;
		};
		91F2C6C71A8324820077FD8B /* Debug */ = {
			isa = XCBuildConfiguration;
			buildSettings = {
				BUNDLE_LOADER = "$(TEST_HOST)";
				FRAMEWORK_SEARCH_PATHS = (
					"$(SDKROOT)/Developer/Library/Frameworks",
					"$(inherited)",
				);
				GCC_PREPROCESSOR_DEFINITIONS = (
					"DEBUG=1",
					"$(inherited)",
				);
				INFOPLIST_FILE = FacebookTests/Info.plist;
				LD_RUNPATH_SEARCH_PATHS = "$(inherited) @executable_path/Frameworks @loader_path/Frameworks";
				PRODUCT_NAME = "$(TARGET_NAME)";
				TEST_HOST = "$(BUILT_PRODUCTS_DIR)/Facebook.app/Facebook";
			};
			name = Debug;
		};
		91F2C6C81A8324820077FD8B /* Release */ = {
			isa = XCBuildConfiguration;
			buildSettings = {
				BUNDLE_LOADER = "$(TEST_HOST)";
				FRAMEWORK_SEARCH_PATHS = (
					"$(SDKROOT)/Developer/Library/Frameworks",
					"$(inherited)",
				);
				INFOPLIST_FILE = FacebookTests/Info.plist;
				LD_RUNPATH_SEARCH_PATHS = "$(inherited) @executable_path/Frameworks @loader_path/Frameworks";
				PRODUCT_NAME = "$(TARGET_NAME)";
				TEST_HOST = "$(BUILT_PRODUCTS_DIR)/Facebook.app/Facebook";
			};
			name = Release;
		};
/* End XCBuildConfiguration section */

/* Begin XCConfigurationList section */
		91F2C69F1A8324820077FD8B /* Build configuration list for PBXProject "Facebook" */ = {
			isa = XCConfigurationList;
			buildConfigurations = (
				91F2C6C11A8324820077FD8B /* Debug */,
				91F2C6C21A8324820077FD8B /* Release */,
			);
			defaultConfigurationIsVisible = 0;
			defaultConfigurationName = Release;
		};
		91F2C6C31A8324820077FD8B /* Build configuration list for PBXNativeTarget "Facebook" */ = {
			isa = XCConfigurationList;
			buildConfigurations = (
				91F2C6C41A8324820077FD8B /* Debug */,
				91F2C6C51A8324820077FD8B /* Release */,
			);
			defaultConfigurationIsVisible = 0;
			defaultConfigurationName = Release;
		};
		91F2C6C61A8324820077FD8B /* Build configuration list for PBXNativeTarget "FacebookTests" */ = {
			isa = XCConfigurationList;
			buildConfigurations = (
				91F2C6C71A8324820077FD8B /* Debug */,
				91F2C6C81A8324820077FD8B /* Release */,
			);
			defaultConfigurationIsVisible = 0;
			defaultConfigurationName = Release;
		};
/* End XCConfigurationList section */
	};
	rootObject = 91F2C69C1A8324820077FD8B /* Project object */;
}
